// !$*UTF8*$!
{
	archiveVersion = 1;
	classes = {
	};
	objectVersion = 46;
	objects = {

/* Begin PBXBuildFile section */
		B17AEF621ADB6C03001234A0 /* KeyBoardLinkMoveUtility.m in Sources */ = {isa = PBXBuildFile; fileRef = B17AEF611ADB6C03001234A0 /* KeyBoardLinkMoveUtility.m */; };
		B187EAAE1AD8EEF700513360 /* main.m in Sources */ = {isa = PBXBuildFile; fileRef = B187EAAD1AD8EEF700513360 /* main.m */; };
		B187EAB11AD8EEF700513360 /* AppDelegate.m in Sources */ = {isa = PBXBuildFile; fileRef = B187EAB01AD8EEF700513360 /* AppDelegate.m */; };
		B187EAB41AD8EEF700513360 /* ViewController.m in Sources */ = {isa = PBXBuildFile; fileRef = B187EAB31AD8EEF700513360 /* ViewController.m */; };
		B187EAB71AD8EEF700513360 /* Main.storyboard in Resources */ = {isa = PBXBuildFile; fileRef = B187EAB51AD8EEF700513360 /* Main.storyboard */; };
		B187EAB91AD8EEF700513360 /* Images.xcassets in Resources */ = {isa = PBXBuildFile; fileRef = B187EAB81AD8EEF700513360 /* Images.xcassets */; };
		B187EABC1AD8EEF700513360 /* LaunchScreen.xib in Resources */ = {isa = PBXBuildFile; fileRef = B187EABA1AD8EEF700513360 /* LaunchScreen.xib */; };
		B187EAC81AD8EEF800513360 /* KeyBoardLinkMoveTests.m in Sources */ = {isa = PBXBuildFile; fileRef = B187EAC71AD8EEF800513360 /* KeyBoardLinkMoveTests.m */; };
/* End PBXBuildFile section */

/* Begin PBXContainerItemProxy section */
		B187EAC21AD8EEF800513360 /* PBXContainerItemProxy */ = {
			isa = PBXContainerItemProxy;
			containerPortal = B187EAA01AD8EEF700513360 /* Project object */;
			proxyType = 1;
			remoteGlobalIDString = B187EAA71AD8EEF700513360;
			remoteInfo = KeyBoardLinkMove;
		};
/* End PBXContainerItemProxy section */

/* Begin PBXFileReference section */
		B17AEF601ADB6C03001234A0 /* KeyBoardLinkMoveUtility.h */ = {isa = PBXFileReference; fileEncoding = 4; lastKnownFileType = sourcecode.c.h; path = KeyBoardLinkMoveUtility.h; sourceTree = "<group>"; };
		B17AEF611ADB6C03001234A0 /* KeyBoardLinkMoveUtility.m */ = {isa = PBXFileReference; fileEncoding = 4; lastKnownFileType = sourcecode.c.objc; path = KeyBoardLinkMoveUtility.m; sourceTree = "<group>"; };
		B187EAA81AD8EEF700513360 /* KeyBoardLinkMove.app */ = {isa = PBXFileReference; explicitFileType = wrapper.application; includeInIndex = 0; path = KeyBoardLinkMove.app; sourceTree = BUILT_PRODUCTS_DIR; };
		B187EAAC1AD8EEF700513360 /* Info.plist */ = {isa = PBXFileReference; lastKnownFileType = text.plist.xml; path = Info.plist; sourceTree = "<group>"; };
		B187EAAD1AD8EEF700513360 /* main.m */ = {isa = PBXFileReference; lastKnownFileType = sourcecode.c.objc; path = main.m; sourceTree = "<group>"; };
		B187EAAF1AD8EEF700513360 /* AppDelegate.h */ = {isa = PBXFileReference; lastKnownFileType = sourcecode.c.h; path = AppDelegate.h; sourceTree = "<group>"; };
		B187EAB01AD8EEF700513360 /* AppDelegate.m */ = {isa = PBXFileReference; lastKnownFileType = sourcecode.c.objc; path = AppDelegate.m; sourceTree = "<group>"; };
		B187EAB21AD8EEF700513360 /* ViewController.h */ = {isa = PBXFileReference; lastKnownFileType = sourcecode.c.h; path = ViewController.h; sourceTree = "<group>"; };
		B187EAB31AD8EEF700513360 /* ViewController.m */ = {isa = PBXFileReference; lastKnownFileType = sourcecode.c.objc; path = ViewController.m; sourceTree = "<group>"; };
		B187EAB61AD8EEF700513360 /* Base */ = {isa = PBXFileReference; lastKnownFileType = file.storyboard; name = Base; path = Base.lproj/Main.storyboard; sourceTree = "<group>"; };
		B187EAB81AD8EEF700513360 /* Images.xcassets */ = {isa = PBXFileReference; lastKnownFileType = folder.assetcatalog; path = Images.xcassets; sourceTree = "<group>"; };
		B187EABB1AD8EEF700513360 /* Base */ = {isa = PBXFileReference; lastKnownFileType = file.xib; name = Base; path = Base.lproj/LaunchScreen.xib; sourceTree = "<group>"; };
		B187EAC11AD8EEF800513360 /* KeyBoardLinkMoveTests.xctest */ = {isa = PBXFileReference; explicitFileType = wrapper.cfbundle; includeInIndex = 0; path = KeyBoardLinkMoveTests.xctest; sourceTree = BUILT_PRODUCTS_DIR; };
		B187EAC61AD8EEF800513360 /* Info.plist */ = {isa = PBXFileReference; lastKnownFileType = text.plist.xml; path = Info.plist; sourceTree = "<group>"; };
		B187EAC71AD8EEF800513360 /* KeyBoardLinkMoveTests.m */ = {isa = PBXFileReference; lastKnownFileType = sourcecode.c.objc; path = KeyBoardLinkMoveTests.m; sourceTree = "<group>"; };
/* End PBXFileReference section */

/* Begin PBXFrameworksBuildPhase section */
		B187EAA51AD8EEF700513360 /* Frameworks */ = {
			isa = PBXFrameworksBuildPhase;
			buildActionMask = 2147483647;
			files = (
			);
			runOnlyForDeploymentPostprocessing = 0;
		};
		B187EABE1AD8EEF800513360 /* Frameworks */ = {
			isa = PBXFrameworksBuildPhase;
			buildActionMask = 2147483647;
			files = (
			);
			runOnlyForDeploymentPostprocessing = 0;
		};
/* End PBXFrameworksBuildPhase section */

/* Begin PBXGroup section */
		B17AEF5F1ADB6C03001234A0 /* BREF_KeyBoardLinkMove */ = {
			isa = PBXGroup;
			children = (
				B17AEF601ADB6C03001234A0 /* KeyBoardLinkMoveUtility.h */,
				B17AEF611ADB6C03001234A0 /* KeyBoardLinkMoveUtility.m */,
			);
			path = BREF_KeyBoardLinkMove;
			sourceTree = "<group>";
		};
		B187EA9F1AD8EEF700513360 = {
			isa = PBXGroup;
			children = (
				B17AEF5F1ADB6C03001234A0 /* BREF_KeyBoardLinkMove */,
				B187EAAA1AD8EEF700513360 /* KeyBoardLinkMove */,
				B187EAC41AD8EEF800513360 /* KeyBoardLinkMoveTests */,
				B187EAA91AD8EEF700513360 /* Products */,
			);
			sourceTree = "<group>";
		};
		B187EAA91AD8EEF700513360 /* Products */ = {
			isa = PBXGroup;
			children = (
				B187EAA81AD8EEF700513360 /* KeyBoardLinkMove.app */,
				B187EAC11AD8EEF800513360 /* KeyBoardLinkMoveTests.xctest */,
			);
			name = Products;
			sourceTree = "<group>";
		};
		B187EAAA1AD8EEF700513360 /* KeyBoardLinkMove */ = {
			isa = PBXGroup;
			children = (
				B187EAAF1AD8EEF700513360 /* AppDelegate.h */,
				B187EAB01AD8EEF700513360 /* AppDelegate.m */,
				B187EAB21AD8EEF700513360 /* ViewController.h */,
				B187EAB31AD8EEF700513360 /* ViewController.m */,
				B187EAB51AD8EEF700513360 /* Main.storyboard */,
				B187EAB81AD8EEF700513360 /* Images.xcassets */,
				B187EABA1AD8EEF700513360 /* LaunchScreen.xib */,
				B187EAAB1AD8EEF700513360 /* Supporting Files */,
			);
			path = KeyBoardLinkMove;
			sourceTree = "<group>";
		};
		B187EAAB1AD8EEF700513360 /* Supporting Files */ = {
			isa = PBXGroup;
			children = (
				B187EAAC1AD8EEF700513360 /* Info.plist */,
				B187EAAD1AD8EEF700513360 /* main.m */,
			);
			name = "Supporting Files";
			sourceTree = "<group>";
		};
		B187EAC41AD8EEF800513360 /* KeyBoardLinkMoveTests */ = {
			isa = PBXGroup;
			children = (
				B187EAC71AD8EEF800513360 /* KeyBoardLinkMoveTests.m */,
				B187EAC51AD8EEF800513360 /* Supporting Files */,
			);
			path = KeyBoardLinkMoveTests;
			sourceTree = "<group>";
		};
		B187EAC51AD8EEF800513360 /* Supporting Files */ = {
			isa = PBXGroup;
			children = (
				B187EAC61AD8EEF800513360 /* Info.plist */,
			);
			name = "Supporting Files";
			sourceTree = "<group>";
		};
/* End PBXGroup section */

/* Begin PBXNativeTarget section */
		B187EAA71AD8EEF700513360 /* KeyBoardLinkMove */ = {
			isa = PBXNativeTarget;
			buildConfigurationList = B187EACB1AD8EEF800513360 /* Build configuration list for PBXNativeTarget "KeyBoardLinkMove" */;
			buildPhases = (
				B187EAA41AD8EEF700513360 /* Sources */,
				B187EAA51AD8EEF700513360 /* Frameworks */,
				B187EAA61AD8EEF700513360 /* Resources */,
			);
			buildRules = (
			);
			dependencies = (
			);
			name = KeyBoardLinkMove;
			productName = KeyBoardLinkMove;
			productReference = B187EAA81AD8EEF700513360 /* KeyBoardLinkMove.app */;
			productType = "com.apple.product-type.application";
		};
		B187EAC01AD8EEF800513360 /* KeyBoardLinkMoveTests */ = {
			isa = PBXNativeTarget;
			buildConfigurationList = B187EACE1AD8EEF800513360 /* Build configuration list for PBXNativeTarget "KeyBoardLinkMoveTests" */;
			buildPhases = (
				B187EABD1AD8EEF800513360 /* Sources */,
				B187EABE1AD8EEF800513360 /* Frameworks */,
				B187EABF1AD8EEF800513360 /* Resources */,
			);
			buildRules = (
			);
			dependencies = (
				B187EAC31AD8EEF800513360 /* PBXTargetDependency */,
			);
			name = KeyBoardLinkMoveTests;
			productName = KeyBoardLinkMoveTests;
			productReference = B187EAC11AD8EEF800513360 /* KeyBoardLinkMoveTests.xctest */;
			productType = "com.apple.product-type.bundle.unit-test";
		};
/* End PBXNativeTarget section */

/* Begin PBXProject section */
		B187EAA01AD8EEF700513360 /* Project object */ = {
			isa = PBXProject;
			attributes = {
				LastUpgradeCheck = 0620;
				ORGANIZATIONNAME = bref;
				TargetAttributes = {
					B187EAA71AD8EEF700513360 = {
						CreatedOnToolsVersion = 6.2;
					};
					B187EAC01AD8EEF800513360 = {
						CreatedOnToolsVersion = 6.2;
						TestTargetID = B187EAA71AD8EEF700513360;
					};
				};
			};
			buildConfigurationList = B187EAA31AD8EEF700513360 /* Build configuration list for PBXProject "KeyBoardLinkMove" */;
			compatibilityVersion = "Xcode 3.2";
			developmentRegion = English;
			hasScannedForEncodings = 0;
			knownRegions = (
				en,
				Base,
			);
			mainGroup = B187EA9F1AD8EEF700513360;
			productRefGroup = B187EAA91AD8EEF700513360 /* Products */;
			projectDirPath = "";
			projectRoot = "";
			targets = (
				B187EAA71AD8EEF700513360 /* KeyBoardLinkMove */,
				B187EAC01AD8EEF800513360 /* KeyBoardLinkMoveTests */,
			);
		};
/* End PBXProject section */

/* Begin PBXResourcesBuildPhase section */
		B187EAA61AD8EEF700513360 /* Resources */ = {
			isa = PBXResourcesBuildPhase;
			buildActionMask = 2147483647;
			files = (
				B187EAB71AD8EEF700513360 /* Main.storyboard in Resources */,
				B187EABC1AD8EEF700513360 /* LaunchScreen.xib in Resources */,
				B187EAB91AD8EEF700513360 /* Images.xcassets in Resources */,
			);
			runOnlyForDeploymentPostprocessing = 0;
		};
		B187EABF1AD8EEF800513360 /* Resources */ = {
			isa = PBXResourcesBuildPhase;
			buildActionMask = 2147483647;
			files = (
			);
			runOnlyForDeploymentPostprocessing = 0;
		};
/* End PBXResourcesBuildPhase section */

/* Begin PBXSourcesBuildPhase section */
		B187EAA41AD8EEF700513360 /* Sources */ = {
			isa = PBXSourcesBuildPhase;
			buildActionMask = 2147483647;
			files = (
				B187EAB41AD8EEF700513360 /* ViewController.m in Sources */,
				B187EAB11AD8EEF700513360 /* AppDelegate.m in Sources */,
				B17AEF621ADB6C03001234A0 /* KeyBoardLinkMoveUtility.m in Sources */,
				B187EAAE1AD8EEF700513360 /* main.m in Sources */,
			);
			runOnlyForDeploymentPostprocessing = 0;
		};
		B187EABD1AD8EEF800513360 /* Sources */ = {
			isa = PBXSourcesBuildPhase;
			buildActionMask = 2147483647;
			files = (
				B187EAC81AD8EEF800513360 /* KeyBoardLinkMoveTests.m in Sources */,
			);
			runOnlyForDeploymentPostprocessing = 0;
		};
/* End PBXSourcesBuildPhase section */

/* Begin PBXTargetDependency section */
		B187EAC31AD8EEF800513360 /* PBXTargetDependency */ = {
			isa = PBXTargetDependency;
			target = B187EAA71AD8EEF700513360 /* KeyBoardLinkMove */;
			targetProxy = B187EAC21AD8EEF800513360 /* PBXContainerItemProxy */;
		};
/* End PBXTargetDependency section */

/* Begin PBXVariantGroup section */
		B187EAB51AD8EEF700513360 /* Main.storyboard */ = {
			isa = PBXVariantGroup;
			children = (
				B187EAB61AD8EEF700513360 /* Base */,
			);
			name = Main.storyboard;
			sourceTree = "<group>";
		};
		B187EABA1AD8EEF700513360 /* LaunchScreen.xib */ = {
			isa = PBXVariantGroup;
			children = (
				B187EABB1AD8EEF700513360 /* Base */,
			);
			name = LaunchScreen.xib;
			sourceTree = "<group>";
		};
/* End PBXVariantGroup section */

/* Begin XCBuildConfiguration section */
		B187EAC91AD8EEF800513360 /* Debug */ = {
			isa = XCBuildConfiguration;
			buildSettings = {
				ALWAYS_SEARCH_USER_PATHS = NO;
				CLANG_CXX_LANGUAGE_STANDARD = "gnu++0x";
				CLANG_CXX_LIBRARY = "libc++";
				CLANG_ENABLE_MODULES = YES;
				CLANG_ENABLE_OBJC_ARC = YES;
				CLANG_WARN_BOOL_CONVERSION = YES;
				CLANG_WARN_CONSTANT_CONVERSION = YES;
				CLANG_WARN_DIRECT_OBJC_ISA_USAGE = YES_ERROR;
				CLANG_WARN_EMPTY_BODY = YES;
				CLANG_WARN_ENUM_CONVERSION = YES;
				CLANG_WARN_INT_CONVERSION = YES;
				CLANG_WARN_OBJC_ROOT_CLASS = YES_ERROR;
				CLANG_WARN_UNREACHABLE_CODE = YES;
				CLANG_WARN__DUPLICATE_METHOD_MATCH = YES;
				"CODE_SIGN_IDENTITY[sdk=iphoneos*]" = "iPhone Developer";
				COPY_PHASE_STRIP = NO;
				ENABLE_STRICT_OBJC_MSGSEND = YES;
				GCC_C_LANGUAGE_STANDARD = gnu99;
				GCC_DYNAMIC_NO_PIC = NO;
				GCC_OPTIMIZATION_LEVEL = 0;
				GCC_PREPROCESSOR_DEFINITIONS = (
					"DEBUG=1",
					"$(inherited)",
				);
				GCC_SYMBOLS_PRIVATE_EXTERN = NO;
				GCC_WARN_64_TO_32_BIT_CONVERSION = YES;
				GCC_WARN_ABOUT_RETURN_TYPE = YES_ERROR;
				GCC_WARN_UNDECLARED_SELECTOR = YES;
				GCC_WARN_UNINITIALIZED_AUTOS = YES_AGGRESSIVE;
				GCC_WARN_UNUSED_FUNCTION = YES;
				GCC_WARN_UNUSED_VARIABLE = YES;
				IPHONEOS_DEPLOYMENT_TARGET = 8.2;
				MTL_ENABLE_DEBUG_INFO = YES;
				ONLY_ACTIVE_ARCH = YES;
				SDKROOT = iphoneos;
				TARGETED_DEVICE_FAMILY = "1,2";
			};
			name = Debug;
		};
		B187EACA1AD8EEF800513360 /* Release */ = {
			isa = XCBuildConfiguration;
			buildSettings = {
				ALWAYS_SEARCH_USER_PATHS = NO;
				CLANG_CXX_LANGUAGE_STANDARD = "gnu++0x";
				CLANG_CXX_LIBRARY = "libc++";
				CLANG_ENABLE_MODULES = YES;
				CLANG_ENABLE_OBJC_ARC = YES;
				CLANG_WARN_BOOL_CONVERSION = YES;
				CLANG_WARN_CONSTANT_CONVERSION = YES;
				CLANG_WARN_DIRECT_OBJC_ISA_USAGE = YES_ERROR;
				CLANG_WARN_EMPTY_BODY = YES;
				CLANG_WARN_ENUM_CONVERSION = YES;
				CLANG_WARN_INT_CONVERSION = YES;
				CLANG_WARN_OBJC_ROOT_CLASS = YES_ERROR;
				CLANG_WARN_UNREACHABLE_CODE = YES;
				CLANG_WARN__DUPLICATE_METHOD_MATCH = YES;
				"CODE_SIGN_IDENTITY[sdk=iphoneos*]" = "iPhone Developer";
				COPY_PHASE_STRIP = NO;
				ENABLE_NS_ASSERTIONS = NO;
				ENABLE_STRICT_OBJC_MSGSEND = YES;
				GCC_C_LANGUAGE_STANDARD = gnu99;
				GCC_WARN_64_TO_32_BIT_CONVERSION = YES;
				GCC_WARN_ABOUT_RETURN_TYPE = YES_ERROR;
				GCC_WARN_UNDECLARED_SELECTOR = YES;
				GCC_WARN_UNINITIALIZED_AUTOS = YES_AGGRESSIVE;
				GCC_WARN_UNUSED_FUNCTION = YES;
				GCC_WARN_UNUSED_VARIABLE = YES;
				IPHONEOS_DEPLOYMENT_TARGET = 8.2;
				MTL_ENABLE_DEBUG_INFO = NO;
				SDKROOT = iphoneos;
				TARGETED_DEVICE_FAMILY = "1,2";
				VALIDATE_PRODUCT = YES;
			};
			name = Release;
		};
		B187EACC1AD8EEF800513360 /* Debug */ = {
			isa = XCBuildConfiguration;
			buildSettings = {
				ASSETCATALOG_COMPILER_APPICON_NAME = AppIcon;
				INFOPLIST_FILE = KeyBoardLinkMove/Info.plist;
				LD_RUNPATH_SEARCH_PATHS = "$(inherited) @executable_path/Frameworks";
				PRODUCT_NAME = "$(TARGET_NAME)";
			};
			name = Debug;
		};
		B187EACD1AD8EEF800513360 /* Release */ = {
			isa = XCBuildConfiguration;
			buildSettings = {
				ASSETCATALOG_COMPILER_APPICON_NAME = AppIcon;
				INFOPLIST_FILE = KeyBoardLinkMove/Info.plist;
				LD_RUNPATH_SEARCH_PATHS = "$(inherited) @executable_path/Frameworks";
				PRODUCT_NAME = "$(TARGET_NAME)";
			};
			name = Release;
		};
		B187EACF1AD8EEF800513360 /* Debug */ = {
			isa = XCBuildConfiguration;
			buildSettings = {
				BUNDLE_LOADER = "$(TEST_HOST)";
				FRAMEWORK_SEARCH_PATHS = (
					"$(SDKROOT)/Developer/Library/Frameworks",
					"$(inherited)",
				);
				GCC_PREPROCESSOR_DEFINITIONS = (
					"DEBUG=1",
					"$(inherited)",
				);
				INFOPLIST_FILE = KeyBoardLinkMoveTests/Info.plist;
				LD_RUNPATH_SEARCH_PATHS = "$(inherited) @executable_path/Frameworks @loader_path/Frameworks";
				PRODUCT_NAME = "$(TARGET_NAME)";
				TEST_HOST = "$(BUILT_PRODUCTS_DIR)/KeyBoardLinkMove.app/KeyBoardLinkMove";
			};
			name = Debug;
		};
		B187EAD01AD8EEF800513360 /* Release */ = {
			isa = XCBuildConfiguration;
			buildSettings = {
				BUNDLE_LOADER = "$(TEST_HOST)";
				FRAMEWORK_SEARCH_PATHS = (
					"$(SDKROOT)/Developer/Library/Frameworks",
					"$(inherited)",
				);
				INFOPLIST_FILE = KeyBoardLinkMoveTests/Info.plist;
				LD_RUNPATH_SEARCH_PATHS = "$(inherited) @executable_path/Frameworks @loader_path/Frameworks";
				PRODUCT_NAME = "$(TARGET_NAME)";
				TEST_HOST = "$(BUILT_PRODUCTS_DIR)/KeyBoardLinkMove.app/KeyBoardLinkMove";
			};
			name = Release;
		};
/* End XCBuildConfiguration section */

/* Begin XCConfigurationList section */
		B187EAA31AD8EEF700513360 /* Build configuration list for PBXProject "KeyBoardLinkMove" */ = {
			isa = XCConfigurationList;
			buildConfigurations = (
				B187EAC91AD8EEF800513360 /* Debug */,
				B187EACA1AD8EEF800513360 /* Release */,
			);
			defaultConfigurationIsVisible = 0;
			defaultConfigurationName = Release;
		};
		B187EACB1AD8EEF800513360 /* Build configuration list for PBXNativeTarget "KeyBoardLinkMove" */ = {
			isa = XCConfigurationList;
			buildConfigurations = (
				B187EACC1AD8EEF800513360 /* Debug */,
				B187EACD1AD8EEF800513360 /* Release */,
			);
			defaultConfigurationIsVisible = 0;
			defaultConfigurationName = Release;
		};
		B187EACE1AD8EEF800513360 /* Build configuration list for PBXNativeTarget "KeyBoardLinkMoveTests" */ = {
			isa = XCConfigurationList;
			buildConfigurations = (
				B187EACF1AD8EEF800513360 /* Debug */,
				B187EAD01AD8EEF800513360 /* Release */,
			);
			defaultConfigurationIsVisible = 0;
			defaultConfigurationName = Release;
		};
/* End XCConfigurationList section */
	};
	rootObject = B187EAA01AD8EEF700513360 /* Project object */;
}
